
Microsoft Visual Studio Solution File, Format Version 12.00
# Visual Studio 15
VisualStudioVersion = 15.0.27130.2010
MinimumVisualStudioVersion = 10.0.40219.1
Project("{8BC9CEB8-8B4A-11D0-8D11-00A0C91BC942}") = "Recognition", "Recognition\Recognition.vcxproj", "{0F7C1B6E-0472-4251-BB44-EAB1ECB68C57}"
EndProject
Project("{8BC9CEB8-8B4A-11D0-8D11-00A0C91BC942}") = "CharTraining", "CharTraining\CharTraining.vcxproj", "{7955A225-A1C7-4498-8998-F5FA6457F4F5}"
EndProject
Project("{FAE04EC0-301F-11D3-BF4B-00C04F79EFBC}") = "UIAndlinkingModules", "UIAndlinkingModules\UIAndlinkingModules.csproj", "{5B7C873A-2DA2-47F5-967C-F3642EB629B5}"
EndProject
Global
	GlobalSection(SolutionConfigurationPlatforms) = preSolution
		Debug|Any CPU = Debug|Any CPU
		Debug|x64 = Debug|x64
		Debug|x86 = Debug|x86
		Release|Any CPU = Release|Any CPU
		Release|x64 = Release|x64
		Release|x86 = Release|x86
	EndGlobalSection
	GlobalSection(ProjectConfigurationPlatforms) = postSolution
		{0F7C1B6E-0472-4251-BB44-EAB1ECB68C57}.Debug|Any CPU.ActiveCfg = Debug|Win32
		{0F7C1B6E-0472-4251-BB44-EAB1ECB68C57}.Debug|x64.ActiveCfg = Debug|x64
		{0F7C1B6E-0472-4251-BB44-EAB1ECB68C57}.Debug|x64.Build.0 = Debug|x64
		{0F7C1B6E-0472-4251-BB44-EAB1ECB68C57}.Debug|x86.ActiveCfg = Debug|Win32
		{0F7C1B6E-0472-4251-BB44-EAB1ECB68C57}.Debug|x86.Build.0 = Debug|Win32
		{0F7C1B6E-0472-4251-BB44-EAB1ECB68C57}.Release|Any CPU.ActiveCfg = Release|Win32
		{0F7C1B6E-0472-4251-BB44-EAB1ECB68C57}.Release|x64.ActiveCfg = Release|x64
		{0F7C1B6E-0472-4251-BB44-EAB1ECB68C57}.Release|x64.Build.0 = Release|x64
		{0F7C1B6E-0472-4251-BB44-EAB1ECB68C57}.Release|x86.ActiveCfg = Release|Win32
		{0F7C1B6E-0472-4251-BB44-EAB1ECB68C57}.Release|x86.Build.0 = Release|Win32
		{7955A225-A1C7-4498-8998-F5FA6457F4F5}.Debug|Any CPU.ActiveCfg = Debug|Win32
		{7955A225-A1C7-4498-8998-F5FA6457F4F5}.Debug|x64.ActiveCfg = Debug|x64
		{7955A225-A1C7-4498-8998-F5FA6457F4F5}.Debug|x64.Build.0 = Debug|x64
		{7955A225-A1C7-4498-8998-F5FA6457F4F5}.Debug|x86.ActiveCfg = Debug|Win32
		{7955A225-A1C7-4498-8998-F5FA6457F4F5}.Debug|x86.Build.0 = Debug|Win32
		{7955A225-A1C7-4498-8998-F5FA6457F4F5}.Release|Any CPU.ActiveCfg = Release|Win32
		{7955A225-A1C7-4498-8998-F5FA6457F4F5}.Release|x64.ActiveCfg = Release|x64
		{7955A225-A1C7-4498-8998-F5FA6457F4F5}.Release|x64.Build.0 = Release|x64
		{7955A225-A1C7-4498-8998-F5FA6457F4F5}.Release|x86.ActiveCfg = Release|Win32
		{7955A225-A1C7-4498-8998-F5FA6457F4F5}.Release|x86.Build.0 = Release|Win32
		{5B7C873A-2DA2-47F5-967C-F3642EB629B5}.Debug|Any CPU.ActiveCfg = Debug|Any CPU
		{5B7C873A-2DA2-47F5-967C-F3642EB629B5}.Debug|Any CPU.Build.0 = Debug|Any CPU
		{5B7C873A-2DA2-47F5-967C-F3642EB629B5}.Debug|x64.ActiveCfg = Debug|Any CPU
		{5B7C873A-2DA2-47F5-967C-F3642EB629B5}.Debug|x64.Build.0 = Debug|Any CPU
		{5B7C873A-2DA2-47F5-967C-F3642EB629B5}.Debug|x86.ActiveCfg = Debug|Any CPU
		{5B7C873A-2DA2-47F5-967C-F3642EB629B5}.Debug|x86.Build.0 = Debug|Any CPU
		{5B7C873A-2DA2-47F5-967C-F3642EB629B5}.Release|Any CPU.ActiveCfg = Release|Any CPU
		{5B7C873A-2DA2-47F5-967C-F3642EB629B5}.Release|Any CPU.Build.0 = Release|Any CPU
		{5B7C873A-2DA2-47F5-967C-F3642EB629B5}.Release|x64.ActiveCfg = Release|Any CPU
		{5B7C873A-2DA2-47F5-967C-F3642EB629B5}.Release|x64.Build.0 = Release|Any CPU
		{5B7C873A-2DA2-47F5-967C-F3642EB629B5}.Release|x86.ActiveCfg = Release|Any CPU
		{5B7C873A-2DA2-47F5-967C-F3642EB629B5}.Release|x86.Build.0 = Release|Any CPU
	EndGlobalSection
	GlobalSection(SolutionProperties) = preSolution
		HideSolutionNode = FALSE
	EndGlobalSection
	GlobalSection(ExtensibilityGlobals) = postSolution
		SolutionGuid = {8F265DAF-6B21-4237-ACB6-9D13425B0CF0}
	EndGlobalSection
EndGlobal
